
Microsoft Visual Studio Solution File, Format Version 12.00
# Visual Studio Version 16
VisualStudioVersion = 16.0.31613.86
MinimumVisualStudioVersion = 10.0.40219.1
Project("{FAE04EC0-301F-11D3-BF4B-00C04F79EFBC}") = "RestWithASPNETUdemy", "RestWithASPNETUdemy\RestWithASPNETUdemy.csproj", "{9A84AD25-8404-4DF9-AE4A-212565AD6280}"
EndProject
Global
	GlobalSection(SolutionConfigurationPlatforms) = preSolution
		Debug|Any CPU = Debug|Any CPU
		Release|Any CPU = Release|Any CPU
	EndGlobalSection
	GlobalSection(ProjectConfigurationPlatforms) = postSolution
		{9A84AD25-8404-4DF9-AE4A-212565AD6280}.Debug|Any CPU.ActiveCfg = Debug|Any CPU
		{9A84AD25-8404-4DF9-AE4A-212565AD6280}.Debug|Any CPU.Build.0 = Debug|Any CPU
		{9A84AD25-8404-4DF9-AE4A-212565AD6280}.Release|Any CPU.ActiveCfg = Release|Any CPU
		{9A84AD25-8404-4DF9-AE4A-212565AD6280}.Release|Any CPU.Build.0 = Release|Any CPU
	EndGlobalSection
	GlobalSection(SolutionProperties) = preSolution
		HideSolutionNode = FALSE
	EndGlobalSection
	GlobalSection(ExtensibilityGlobals) = postSolution
		SolutionGuid = {02A1C924-5EA9-4EEE-AD54-0016E66B586B}
	EndGlobalSection
EndGlobal
